
Microsoft Visual Studio Solution File, Format Version 12.00
# Visual Studio Version 18
VisualStudioVersion = 18.3.11312.210 d18.3
MinimumVisualStudioVersion = 10.0.40219.1
Project("{FAE04EC0-301F-11D3-BF4B-00C04F79EFBC}") = "SkidrowKiller", "SkidrowKiller.csproj", "{72DD244E-8BCA-3072-9EB6-0E030CAEC21B}"
EndProject
Global
	GlobalSection(SolutionConfigurationPlatforms) = preSolution
		Debug|Any CPU = Debug|Any CPU
		Release|Any CPU = Release|Any CPU
	EndGlobalSection
	GlobalSection(ProjectConfigurationPlatforms) = postSolution
		{72DD244E-8BCA-3072-9EB6-0E030CAEC21B}.Debug|Any CPU.ActiveCfg = Debug|Any CPU
		{72DD244E-8BCA-3072-9EB6-0E030CAEC21B}.Debug|Any CPU.Build.0 = Debug|Any CPU
		{72DD244E-8BCA-3072-9EB6-0E030CAEC21B}.Release|Any CPU.ActiveCfg = Release|Any CPU
		{72DD244E-8BCA-3072-9EB6-0E030CAEC21B}.Release|Any CPU.Build.0 = Release|Any CPU
	EndGlobalSection
	GlobalSection(SolutionProperties) = preSolution
		HideSolutionNode = FALSE
	EndGlobalSection
	GlobalSection(ExtensibilityGlobals) = postSolution
		SolutionGuid = {14F553ED-44D0-4746-B193-26E81DB8F56E}
	EndGlobalSection
EndGlobal
